{
  "requires": true,
  "lockfileVersion": 1,
  "dependencies": {
    "@emmetio/abbreviation": {
      "version": "2.2.1",
      "resolved": "https://registry.npmjs.org/@emmetio/abbreviation/-/abbreviation-2.2.1.tgz",
      "integrity": "sha512-uUNwNgbH0JPlrdXhy8VQbNPLLG7abMvOaLVMblx22i68Rl9r+2N235ALgIYFUty1yXC9DkVw6xMbz/D4QVARcQ==",
      "requires": {
        "@emmetio/scanner": "^1.0.0"
      }
    },
    "@emmetio/css-abbreviation": {
      "version": "2.1.2",
      "resolved": "https://registry.npmjs.org/@emmetio/css-abbreviation/-/css-abbreviation-2.1.2.tgz",
      "integrity": "sha512-CvYTzJltVpLqJaCZ1Qn97LVAKsl2Uwl2fzir1EX/WuMY3xWxgc3BWRCheL6k65km6GyDrLVl6RhrrNb/pxOiAQ==",
      "requires": {
        "@emmetio/scanner": "^1.0.0"
      }
    },
    "@emmetio/scanner": {
      "version": "1.0.0",
      "resolved": "https://registry.npmjs.org/@emmetio/scanner/-/scanner-1.0.0.tgz",
      "integrity": "sha512-8HqW8EVqjnCmWXVpqAOZf+EGESdkR27odcMMMGefgKXtar00SoYNSryGv//TELI4T3QFsECo78p+0lmalk/CFA=="
    }
  }
}
